{
  "requires": true,
  "lockfileVersion": 1,
  "dependencies": {
    "@minui/wxc-abnor": {
      "version": "1.0.7",
      "resolved": "http://registry.npm.taobao.org/@minui/wxc-abnor/download/@minui/wxc-abnor-1.0.7.tgz",
      "integrity": "sha1-8H+29vlWCCMjDj0Zgv5wLeZeCUM="
    },
    "@minui/wxc-counter": {
      "version": "1.0.5",
      "resolved": "http://registry.npm.taobao.org/@minui/wxc-counter/download/@minui/wxc-counter-1.0.5.tgz",
      "integrity": "sha1-tIwxjaEERJ6Cgv9c1LVFEnvF+eE="
    },
    "@minui/wxc-icon": {
      "version": "1.0.8",
      "resolved": "http://registry.npm.taobao.org/@minui/wxc-icon/download/@minui/wxc-icon-1.0.8.tgz",
      "integrity": "sha1-kw1AUarffo7+KNtRGAGEtcudRRo="
    },
    "@minui/wxc-progress": {
      "version": "1.0.5",
      "resolved": "http://registry.npm.taobao.org/@minui/wxc-progress/download/@minui/wxc-progress-1.0.5.tgz",
      "integrity": "sha1-wumXpU2GH4BVYCSAdmPrrSxkLq0="
    },
    "@minui/wxc-toast": {
      "version": "1.0.8",
      "resolved": "http://registry.npm.taobao.org/@minui/wxc-toast/download/@minui/wxc-toast-1.0.8.tgz",
      "integrity": "sha1-6Q74/LtzGXhd9NHCoqaH9b4r/R4=",
      "requires": {
        "@minui/wxc-icon": "1.0.8"
      }
    }
  }
}
